
Microsoft Visual Studio Solution File, Format Version 12.00
# Visual Studio Version 16
VisualStudioVersion = 16.0.30503.244
MinimumVisualStudioVersion = 10.0.40219.1
Project("{8BC9CEB8-8B4A-11D0-8D11-00A0C91BC942}") = "CPPSTL", "CPPSTL\CPPSTL.vcxproj", "{FFCF65CB-B239-4120-B985-7DD38ABADB63}"
EndProject
Project("{8BC9CEB8-8B4A-11D0-8D11-00A0C91BC942}") = "string容器", "string容器\string容器.vcxproj", "{8389273C-AFEE-469A-8B17-A3F32B433EC1}"
EndProject
Project("{8BC9CEB8-8B4A-11D0-8D11-00A0C91BC942}") = "vector容器", "vector容器\vector容器.vcxproj", "{5C03FD71-5C93-4D65-992A-CA5B1FB16D3C}"
EndProject
Project("{8BC9CEB8-8B4A-11D0-8D11-00A0C91BC942}") = "deque容器", "deque容器\deque容器.vcxproj", "{4A3378B6-61A8-436E-B279-14A769C61E6A}"
EndProject
Project("{8BC9CEB8-8B4A-11D0-8D11-00A0C91BC942}") = "STL案例-评委打分", "STL案例-评委打分\STL案例-评委打分.vcxproj", "{886AA8C9-86FE-4874-B214-B88361FB8422}"
EndProject
Project("{8BC9CEB8-8B4A-11D0-8D11-00A0C91BC942}") = "stack容器和queue容器", "stack容器和queue容器\stack容器和queue容器.vcxproj", "{F6AD2FF5-3E58-42FF-9F6D-2795B976F7CC}"
EndProject
Project("{8BC9CEB8-8B4A-11D0-8D11-00A0C91BC942}") = "list容器", "list容器\list容器.vcxproj", "{3601E293-AEA2-46B3-9443-40D669F3D5B3}"
EndProject
Project("{8BC9CEB8-8B4A-11D0-8D11-00A0C91BC942}") = "set容器", "set容器\set容器.vcxproj", "{2FF229AB-F16A-491E-AF1E-5C1E0CFFA7FC}"
EndProject
Project("{8BC9CEB8-8B4A-11D0-8D11-00A0C91BC942}") = "map容器", "map容器\map容器.vcxproj", "{C8769A0C-4F32-462E-8468-2D9094AA160C}"
EndProject
Project("{8BC9CEB8-8B4A-11D0-8D11-00A0C91BC942}") = "员工分组", "员工分组\员工分组.vcxproj", "{86EB1699-FACA-4BCA-9CCE-1B9ED2AA83B7}"
EndProject
Project("{8BC9CEB8-8B4A-11D0-8D11-00A0C91BC942}") = "函数对象", "函数对象\函数对象.vcxproj", "{130F2B2B-3523-4B54-9BB6-F47D60FED44F}"
EndProject
Project("{8BC9CEB8-8B4A-11D0-8D11-00A0C91BC942}") = "适配器", "适配器\适配器.vcxproj", "{141E80EF-4C00-4DA7-82B0-EF217AB0FA65}"
EndProject
Project("{8BC9CEB8-8B4A-11D0-8D11-00A0C91BC942}") = "STL-常用遍历与查找算法", "STL-常用算法\STL-常用算法.vcxproj", "{F6E9DCC8-7BD5-4E2D-90E0-007880BC11AA}"
EndProject
Project("{8BC9CEB8-8B4A-11D0-8D11-00A0C91BC942}") = "STL-常用排序拷贝和替换算法", "STL-常用排序拷贝和替换算法\STL-常用排序拷贝和替换算法.vcxproj", "{71CF3327-8AE6-4C15-A236-96A5427057EC}"
EndProject
Global
	GlobalSection(SolutionConfigurationPlatforms) = preSolution
		Debug|x64 = Debug|x64
		Debug|x86 = Debug|x86
		Release|x64 = Release|x64
		Release|x86 = Release|x86
	EndGlobalSection
	GlobalSection(ProjectConfigurationPlatforms) = postSolution
		{FFCF65CB-B239-4120-B985-7DD38ABADB63}.Debug|x64.ActiveCfg = Debug|x64
		{FFCF65CB-B239-4120-B985-7DD38ABADB63}.Debug|x64.Build.0 = Debug|x64
		{FFCF65CB-B239-4120-B985-7DD38ABADB63}.Debug|x86.ActiveCfg = Debug|Win32
		{FFCF65CB-B239-4120-B985-7DD38ABADB63}.Debug|x86.Build.0 = Debug|Win32
		{FFCF65CB-B239-4120-B985-7DD38ABADB63}.Release|x64.ActiveCfg = Release|x64
		{FFCF65CB-B239-4120-B985-7DD38ABADB63}.Release|x64.Build.0 = Release|x64
		{FFCF65CB-B239-4120-B985-7DD38ABADB63}.Release|x86.ActiveCfg = Release|Win32
		{FFCF65CB-B239-4120-B985-7DD38ABADB63}.Release|x86.Build.0 = Release|Win32
		{8389273C-AFEE-469A-8B17-A3F32B433EC1}.Debug|x64.ActiveCfg = Debug|x64
		{8389273C-AFEE-469A-8B17-A3F32B433EC1}.Debug|x64.Build.0 = Debug|x64
		{8389273C-AFEE-469A-8B17-A3F32B433EC1}.Debug|x86.ActiveCfg = Debug|Win32
		{8389273C-AFEE-469A-8B17-A3F32B433EC1}.Debug|x86.Build.0 = Debug|Win32
		{8389273C-AFEE-469A-8B17-A3F32B433EC1}.Release|x64.ActiveCfg = Release|x64
		{8389273C-AFEE-469A-8B17-A3F32B433EC1}.Release|x64.Build.0 = Release|x64
		{8389273C-AFEE-469A-8B17-A3F32B433EC1}.Release|x86.ActiveCfg = Release|Win32
		{8389273C-AFEE-469A-8B17-A3F32B433EC1}.Release|x86.Build.0 = Release|Win32
		{5C03FD71-5C93-4D65-992A-CA5B1FB16D3C}.Debug|x64.ActiveCfg = Debug|x64
		{5C03FD71-5C93-4D65-992A-CA5B1FB16D3C}.Debug|x64.Build.0 = Debug|x64
		{5C03FD71-5C93-4D65-992A-CA5B1FB16D3C}.Debug|x86.ActiveCfg = Debug|Win32
		{5C03FD71-5C93-4D65-992A-CA5B1FB16D3C}.Debug|x86.Build.0 = Debug|Win32
		{5C03FD71-5C93-4D65-992A-CA5B1FB16D3C}.Release|x64.ActiveCfg = Release|x64
		{5C03FD71-5C93-4D65-992A-CA5B1FB16D3C}.Release|x64.Build.0 = Release|x64
		{5C03FD71-5C93-4D65-992A-CA5B1FB16D3C}.Release|x86.ActiveCfg = Release|Win32
		{5C03FD71-5C93-4D65-992A-CA5B1FB16D3C}.Release|x86.Build.0 = Release|Win32
		{4A3378B6-61A8-436E-B279-14A769C61E6A}.Debug|x64.ActiveCfg = Debug|x64
		{4A3378B6-61A8-436E-B279-14A769C61E6A}.Debug|x64.Build.0 = Debug|x64
		{4A3378B6-61A8-436E-B279-14A769C61E6A}.Debug|x86.ActiveCfg = Debug|Win32
		{4A3378B6-61A8-436E-B279-14A769C61E6A}.Debug|x86.Build.0 = Debug|Win32
		{4A3378B6-61A8-436E-B279-14A769C61E6A}.Release|x64.ActiveCfg = Release|x64
		{4A3378B6-61A8-436E-B279-14A769C61E6A}.Release|x64.Build.0 = Release|x64
		{4A3378B6-61A8-436E-B279-14A769C61E6A}.Release|x86.ActiveCfg = Release|Win32
		{4A3378B6-61A8-436E-B279-14A769C61E6A}.Release|x86.Build.0 = Release|Win32
		{886AA8C9-86FE-4874-B214-B88361FB8422}.Debug|x64.ActiveCfg = Debug|x64
		{886AA8C9-86FE-4874-B214-B88361FB8422}.Debug|x64.Build.0 = Debug|x64
		{886AA8C9-86FE-4874-B214-B88361FB8422}.Debug|x86.ActiveCfg = Debug|Win32
		{886AA8C9-86FE-4874-B214-B88361FB8422}.Debug|x86.Build.0 = Debug|Win32
		{886AA8C9-86FE-4874-B214-B88361FB8422}.Release|x64.ActiveCfg = Release|x64
		{886AA8C9-86FE-4874-B214-B88361FB8422}.Release|x64.Build.0 = Release|x64
		{886AA8C9-86FE-4874-B214-B88361FB8422}.Release|x86.ActiveCfg = Release|Win32
		{886AA8C9-86FE-4874-B214-B88361FB8422}.Release|x86.Build.0 = Release|Win32
		{F6AD2FF5-3E58-42FF-9F6D-2795B976F7CC}.Debug|x64.ActiveCfg = Debug|x64
		{F6AD2FF5-3E58-42FF-9F6D-2795B976F7CC}.Debug|x64.Build.0 = Debug|x64
		{F6AD2FF5-3E58-42FF-9F6D-2795B976F7CC}.Debug|x86.ActiveCfg = Debug|Win32
		{F6AD2FF5-3E58-42FF-9F6D-2795B976F7CC}.Debug|x86.Build.0 = Debug|Win32
		{F6AD2FF5-3E58-42FF-9F6D-2795B976F7CC}.Release|x64.ActiveCfg = Release|x64
		{F6AD2FF5-3E58-42FF-9F6D-2795B976F7CC}.Release|x64.Build.0 = Release|x64
		{F6AD2FF5-3E58-42FF-9F6D-2795B976F7CC}.Release|x86.ActiveCfg = Release|Win32
		{F6AD2FF5-3E58-42FF-9F6D-2795B976F7CC}.Release|x86.Build.0 = Release|Win32
		{3601E293-AEA2-46B3-9443-40D669F3D5B3}.Debug|x64.ActiveCfg = Debug|x64
		{3601E293-AEA2-46B3-9443-40D669F3D5B3}.Debug|x64.Build.0 = Debug|x64
		{3601E293-AEA2-46B3-9443-40D669F3D5B3}.Debug|x86.ActiveCfg = Debug|Win32
		{3601E293-AEA2-46B3-9443-40D669F3D5B3}.Debug|x86.Build.0 = Debug|Win32
		{3601E293-AEA2-46B3-9443-40D669F3D5B3}.Release|x64.ActiveCfg = Release|x64
		{3601E293-AEA2-46B3-9443-40D669F3D5B3}.Release|x64.Build.0 = Release|x64
		{3601E293-AEA2-46B3-9443-40D669F3D5B3}.Release|x86.ActiveCfg = Release|Win32
		{3601E293-AEA2-46B3-9443-40D669F3D5B3}.Release|x86.Build.0 = Release|Win32
		{2FF229AB-F16A-491E-AF1E-5C1E0CFFA7FC}.Debug|x64.ActiveCfg = Debug|x64
		{2FF229AB-F16A-491E-AF1E-5C1E0CFFA7FC}.Debug|x64.Build.0 = Debug|x64
		{2FF229AB-F16A-491E-AF1E-5C1E0CFFA7FC}.Debug|x86.ActiveCfg = Debug|Win32
		{2FF229AB-F16A-491E-AF1E-5C1E0CFFA7FC}.Debug|x86.Build.0 = Debug|Win32
		{2FF229AB-F16A-491E-AF1E-5C1E0CFFA7FC}.Release|x64.ActiveCfg = Release|x64
		{2FF229AB-F16A-491E-AF1E-5C1E0CFFA7FC}.Release|x64.Build.0 = Release|x64
		{2FF229AB-F16A-491E-AF1E-5C1E0CFFA7FC}.Release|x86.ActiveCfg = Release|Win32
		{2FF229AB-F16A-491E-AF1E-5C1E0CFFA7FC}.Release|x86.Build.0 = Release|Win32
		{C8769A0C-4F32-462E-8468-2D9094AA160C}.Debug|x64.ActiveCfg = Debug|x64
		{C8769A0C-4F32-462E-8468-2D9094AA160C}.Debug|x64.Build.0 = Debug|x64
		{C8769A0C-4F32-462E-8468-2D9094AA160C}.Debug|x86.ActiveCfg = Debug|Win32
		{C8769A0C-4F32-462E-8468-2D9094AA160C}.Debug|x86.Build.0 = Debug|Win32
		{C8769A0C-4F32-462E-8468-2D9094AA160C}.Release|x64.ActiveCfg = Release|x64
		{C8769A0C-4F32-462E-8468-2D9094AA160C}.Release|x64.Build.0 = Release|x64
		{C8769A0C-4F32-462E-8468-2D9094AA160C}.Release|x86.ActiveCfg = Release|Win32
		{C8769A0C-4F32-462E-8468-2D9094AA160C}.Release|x86.Build.0 = Release|Win32
		{86EB1699-FACA-4BCA-9CCE-1B9ED2AA83B7}.Debug|x64.ActiveCfg = Debug|x64
		{86EB1699-FACA-4BCA-9CCE-1B9ED2AA83B7}.Debug|x64.Build.0 = Debug|x64
		{86EB1699-FACA-4BCA-9CCE-1B9ED2AA83B7}.Debug|x86.ActiveCfg = Debug|Win32
		{86EB1699-FACA-4BCA-9CCE-1B9ED2AA83B7}.Debug|x86.Build.0 = Debug|Win32
		{86EB1699-FACA-4BCA-9CCE-1B9ED2AA83B7}.Release|x64.ActiveCfg = Release|x64
		{86EB1699-FACA-4BCA-9CCE-1B9ED2AA83B7}.Release|x64.Build.0 = Release|x64
		{86EB1699-FACA-4BCA-9CCE-1B9ED2AA83B7}.Release|x86.ActiveCfg = Release|Win32
		{86EB1699-FACA-4BCA-9CCE-1B9ED2AA83B7}.Release|x86.Build.0 = Release|Win32
		{130F2B2B-3523-4B54-9BB6-F47D60FED44F}.Debug|x64.ActiveCfg = Debug|x64
		{130F2B2B-3523-4B54-9BB6-F47D60FED44F}.Debug|x64.Build.0 = Debug|x64
		{130F2B2B-3523-4B54-9BB6-F47D60FED44F}.Debug|x86.ActiveCfg = Debug|Win32
		{130F2B2B-3523-4B54-9BB6-F47D60FED44F}.Debug|x86.Build.0 = Debug|Win32
		{130F2B2B-3523-4B54-9BB6-F47D60FED44F}.Release|x64.ActiveCfg = Release|x64
		{130F2B2B-3523-4B54-9BB6-F47D60FED44F}.Release|x64.Build.0 = Release|x64
		{130F2B2B-3523-4B54-9BB6-F47D60FED44F}.Release|x86.ActiveCfg = Release|Win32
		{130F2B2B-3523-4B54-9BB6-F47D60FED44F}.Release|x86.Build.0 = Release|Win32
		{141E80EF-4C00-4DA7-82B0-EF217AB0FA65}.Debug|x64.ActiveCfg = Debug|x64
		{141E80EF-4C00-4DA7-82B0-EF217AB0FA65}.Debug|x64.Build.0 = Debug|x64
		{141E80EF-4C00-4DA7-82B0-EF217AB0FA65}.Debug|x86.ActiveCfg = Debug|Win32
		{141E80EF-4C00-4DA7-82B0-EF217AB0FA65}.Debug|x86.Build.0 = Debug|Win32
		{141E80EF-4C00-4DA7-82B0-EF217AB0FA65}.Release|x64.ActiveCfg = Release|x64
		{141E80EF-4C00-4DA7-82B0-EF217AB0FA65}.Release|x64.Build.0 = Release|x64
		{141E80EF-4C00-4DA7-82B0-EF217AB0FA65}.Release|x86.ActiveCfg = Release|Win32
		{141E80EF-4C00-4DA7-82B0-EF217AB0FA65}.Release|x86.Build.0 = Release|Win32
		{F6E9DCC8-7BD5-4E2D-90E0-007880BC11AA}.Debug|x64.ActiveCfg = Debug|x64
		{F6E9DCC8-7BD5-4E2D-90E0-007880BC11AA}.Debug|x64.Build.0 = Debug|x64
		{F6E9DCC8-7BD5-4E2D-90E0-007880BC11AA}.Debug|x86.ActiveCfg = Debug|Win32
		{F6E9DCC8-7BD5-4E2D-90E0-007880BC11AA}.Debug|x86.Build.0 = Debug|Win32
		{F6E9DCC8-7BD5-4E2D-90E0-007880BC11AA}.Release|x64.ActiveCfg = Release|x64
		{F6E9DCC8-7BD5-4E2D-90E0-007880BC11AA}.Release|x64.Build.0 = Release|x64
		{F6E9DCC8-7BD5-4E2D-90E0-007880BC11AA}.Release|x86.ActiveCfg = Release|Win32
		{F6E9DCC8-7BD5-4E2D-90E0-007880BC11AA}.Release|x86.Build.0 = Release|Win32
		{71CF3327-8AE6-4C15-A236-96A5427057EC}.Debug|x64.ActiveCfg = Debug|x64
		{71CF3327-8AE6-4C15-A236-96A5427057EC}.Debug|x64.Build.0 = Debug|x64
		{71CF3327-8AE6-4C15-A236-96A5427057EC}.Debug|x86.ActiveCfg = Debug|Win32
		{71CF3327-8AE6-4C15-A236-96A5427057EC}.Debug|x86.Build.0 = Debug|Win32
		{71CF3327-8AE6-4C15-A236-96A5427057EC}.Release|x64.ActiveCfg = Release|x64
		{71CF3327-8AE6-4C15-A236-96A5427057EC}.Release|x64.Build.0 = Release|x64
		{71CF3327-8AE6-4C15-A236-96A5427057EC}.Release|x86.ActiveCfg = Release|Win32
		{71CF3327-8AE6-4C15-A236-96A5427057EC}.Release|x86.Build.0 = Release|Win32
	EndGlobalSection
	GlobalSection(SolutionProperties) = preSolution
		HideSolutionNode = FALSE
	EndGlobalSection
	GlobalSection(ExtensibilityGlobals) = postSolution
		SolutionGuid = {C1E14015-0577-4A0F-A006-5892ACF4AEEA}
	EndGlobalSection
EndGlobal
